{
	"name": "@nuru/wasm",
	"version": "1.0.0",
	"lockfileVersion": 3,
	"requires": true,
	"packages": {
		"": {
			"name": "@nuru/wasm",
			"version": "1.0.0",
			"license": "ISC",
			"dependencies": {
				"@types/golang-wasm-exec": "^1.15.2",
				"xss": "^1.0.15"
			}
		},
		"../../node_modules/.pnpm/xss@1.0.15/node_modules/xss": {
			"version": "1.0.15",
			"license": "MIT",
			"dependencies": {
				"commander": "^2.20.3",
				"cssfilter": "0.0.10"
			},
			"bin": {
				"xss": "bin/xss"
			},
			"devDependencies": {
				"browserify": "^17.0.0",
				"coveralls": "^3.1.1",
				"debug": "^4.3.4",
				"eslint": "^8.16.0",
				"mocha": "^8.4.0",
				"nyc": "^15.1.0",
				"uglify-js": "^3.15.5"
			},
			"engines": {
				"node": ">= 0.10.0"
			}
		},
		"node_modules/@types/golang-wasm-exec": {
			"version": "1.15.2",
			"resolved": "https://registry.npmjs.org/@types/golang-wasm-exec/-/golang-wasm-exec-1.15.2.tgz",
			"integrity": "sha512-NA77toY4yOiiV5foDVT/rfxmtoox7ASHqGs4Eek8xTMcKWwAhZLOD3SYfLQKq4P2jtOLQQkeISq3zSuQ1Y+apg==",
			"license": "MIT"
		},
		"node_modules/xss": {
			"resolved": "../../node_modules/.pnpm/xss@1.0.15/node_modules/xss",
			"link": true
		}
	}
}
